
Microsoft Visual Studio Solution File, Format Version 12.00
# Visual Studio 15
VisualStudioVersion = 15.0.28010.2003
MinimumVisualStudioVersion = 10.0.40219.1
Project("{FAE04EC0-301F-11D3-BF4B-00C04F79EFBC}") = "ComicBookGallery", "ComicBookGallery\ComicBookGallery.csproj", "{9A6A0753-EB6D-4C65-B13C-B19E349983DC}"
EndProject
Global
	GlobalSection(SolutionConfigurationPlatforms) = preSolution
		Debug|Any CPU = Debug|Any CPU
		Release|Any CPU = Release|Any CPU
	EndGlobalSection
	GlobalSection(ProjectConfigurationPlatforms) = postSolution
		{9A6A0753-EB6D-4C65-B13C-B19E349983DC}.Debug|Any CPU.ActiveCfg = Debug|Any CPU
		{9A6A0753-EB6D-4C65-B13C-B19E349983DC}.Debug|Any CPU.Build.0 = Debug|Any CPU
		{9A6A0753-EB6D-4C65-B13C-B19E349983DC}.Release|Any CPU.ActiveCfg = Release|Any CPU
		{9A6A0753-EB6D-4C65-B13C-B19E349983DC}.Release|Any CPU.Build.0 = Release|Any CPU
	EndGlobalSection
	GlobalSection(SolutionProperties) = preSolution
		HideSolutionNode = FALSE
	EndGlobalSection
	GlobalSection(ExtensibilityGlobals) = postSolution
		SolutionGuid = {6F76D684-77F7-4C5B-97D8-E109AAF393CE}
	EndGlobalSection
EndGlobal
